// !$*UTF8*$!
{
	archiveVersion = 1;
	classes = {
	};
	objectVersion = 55;
	objects = {

/* Begin PBXBuildFile section */
		C258BF112906996B00D03D7E /* LucyImageView.swift in Sources */ = {isa = PBXBuildFile; fileRef = C258BF102906996B00D03D7E /* LucyImageView.swift */; };
		C2E7E86429056B5B002DCC84 /* AppDelegate.swift in Sources */ = {isa = PBXBuildFile; fileRef = C2E7E86329056B5B002DCC84 /* AppDelegate.swift */; };
		C2E7E86629056B5B002DCC84 /* SceneDelegate.swift in Sources */ = {isa = PBXBuildFile; fileRef = C2E7E86529056B5B002DCC84 /* SceneDelegate.swift */; };
		C2E7E86829056B5B002DCC84 /* ViewController.swift in Sources */ = {isa = PBXBuildFile; fileRef = C2E7E86729056B5B002DCC84 /* ViewController.swift */; };
		C2E7E86B29056B5B002DCC84 /* Main.storyboard in Resources */ = {isa = PBXBuildFile; fileRef = C2E7E86929056B5B002DCC84 /* Main.storyboard */; };
		C2E7E86D29056B5C002DCC84 /* Assets.xcassets in Resources */ = {isa = PBXBuildFile; fileRef = C2E7E86C29056B5C002DCC84 /* Assets.xcassets */; };
		C2E7E87029056B5C002DCC84 /* LaunchScreen.storyboard in Resources */ = {isa = PBXBuildFile; fileRef = C2E7E86E29056B5C002DCC84 /* LaunchScreen.storyboard */; };
		C2E7E87829056B9D002DCC84 /* Header.xib in Resources */ = {isa = PBXBuildFile; fileRef = C2E7E87729056B9D002DCC84 /* Header.xib */; };
		C2E7E87A29056E7C002DCC84 /* ProfileController.swift in Sources */ = {isa = PBXBuildFile; fileRef = C2E7E87929056E7C002DCC84 /* ProfileController.swift */; };
/* End PBXBuildFile section */

/* Begin PBXFileReference section */
		C258BF102906996B00D03D7E /* LucyImageView.swift */ = {isa = PBXFileReference; lastKnownFileType = sourcecode.swift; path = LucyImageView.swift; sourceTree = "<group>"; };
		C2E7E86029056B5B002DCC84 /* TinderLikeApp.app */ = {isa = PBXFileReference; explicitFileType = wrapper.application; includeInIndex = 0; path = TinderLikeApp.app; sourceTree = BUILT_PRODUCTS_DIR; };
		C2E7E86329056B5B002DCC84 /* AppDelegate.swift */ = {isa = PBXFileReference; lastKnownFileType = sourcecode.swift; path = AppDelegate.swift; sourceTree = "<group>"; };
		C2E7E86529056B5B002DCC84 /* SceneDelegate.swift */ = {isa = PBXFileReference; lastKnownFileType = sourcecode.swift; path = SceneDelegate.swift; sourceTree = "<group>"; };
		C2E7E86729056B5B002DCC84 /* ViewController.swift */ = {isa = PBXFileReference; lastKnownFileType = sourcecode.swift; path = ViewController.swift; sourceTree = "<group>"; };
		C2E7E86A29056B5B002DCC84 /* Base */ = {isa = PBXFileReference; lastKnownFileType = file.storyboard; name = Base; path = Base.lproj/Main.storyboard; sourceTree = "<group>"; };
		C2E7E86C29056B5C002DCC84 /* Assets.xcassets */ = {isa = PBXFileReference; lastKnownFileType = folder.assetcatalog; path = Assets.xcassets; sourceTree = "<group>"; };
		C2E7E86F29056B5C002DCC84 /* Base */ = {isa = PBXFileReference; lastKnownFileType = file.storyboard; name = Base; path = Base.lproj/LaunchScreen.storyboard; sourceTree = "<group>"; };
		C2E7E87129056B5C002DCC84 /* Info.plist */ = {isa = PBXFileReference; lastKnownFileType = text.plist.xml; path = Info.plist; sourceTree = "<group>"; };
		C2E7E87729056B9D002DCC84 /* Header.xib */ = {isa = PBXFileReference; lastKnownFileType = file.xib; path = Header.xib; sourceTree = "<group>"; };
		C2E7E87929056E7C002DCC84 /* ProfileController.swift */ = {isa = PBXFileReference; lastKnownFileType = sourcecode.swift; path = ProfileController.swift; sourceTree = "<group>"; };
/* End PBXFileReference section */

/* Begin PBXFrameworksBuildPhase section */
		C2E7E85D29056B5B002DCC84 /* Frameworks */ = {
			isa = PBXFrameworksBuildPhase;
			buildActionMask = 2147483647;
			files = (
			);
			runOnlyForDeploymentPostprocessing = 0;
		};
/* End PBXFrameworksBuildPhase section */

/* Begin PBXGroup section */
		C2E7E85729056B5B002DCC84 = {
			isa = PBXGroup;
			children = (
				C2E7E87729056B9D002DCC84 /* Header.xib */,
				C2E7E86229056B5B002DCC84 /* TinderLikeApp */,
				C2E7E86129056B5B002DCC84 /* Products */,
			);
			sourceTree = "<group>";
		};
		C2E7E86129056B5B002DCC84 /* Products */ = {
			isa = PBXGroup;
			children = (
				C2E7E86029056B5B002DCC84 /* TinderLikeApp.app */,
			);
			name = Products;
			sourceTree = "<group>";
		};
		C2E7E86229056B5B002DCC84 /* TinderLikeApp */ = {
			isa = PBXGroup;
			children = (
				C2E7E86329056B5B002DCC84 /* AppDelegate.swift */,
				C2E7E86529056B5B002DCC84 /* SceneDelegate.swift */,
				C2E7E86729056B5B002DCC84 /* ViewController.swift */,
				C2E7E86929056B5B002DCC84 /* Main.storyboard */,
				C2E7E86C29056B5C002DCC84 /* Assets.xcassets */,
				C2E7E86E29056B5C002DCC84 /* LaunchScreen.storyboard */,
				C2E7E87129056B5C002DCC84 /* Info.plist */,
				C2E7E87929056E7C002DCC84 /* ProfileController.swift */,
				C258BF102906996B00D03D7E /* LucyImageView.swift */,
			);
			path = TinderLikeApp;
			sourceTree = "<group>";
		};
/* End PBXGroup section */

/* Begin PBXNativeTarget section */
		C2E7E85F29056B5B002DCC84 /* TinderLikeApp */ = {
			isa = PBXNativeTarget;
			buildConfigurationList = C2E7E87429056B5C002DCC84 /* Build configuration list for PBXNativeTarget "TinderLikeApp" */;
			buildPhases = (
				C2E7E85C29056B5B002DCC84 /* Sources */,
				C2E7E85D29056B5B002DCC84 /* Frameworks */,
				C2E7E85E29056B5B002DCC84 /* Resources */,
			);
			buildRules = (
			);
			dependencies = (
			);
			name = TinderLikeApp;
			productName = TinderLikeApp;
			productReference = C2E7E86029056B5B002DCC84 /* TinderLikeApp.app */;
			productType = "com.apple.product-type.application";
		};
/* End PBXNativeTarget section */

/* Begin PBXProject section */
		C2E7E85829056B5B002DCC84 /* Project object */ = {
			isa = PBXProject;
			attributes = {
				BuildIndependentTargetsInParallel = 1;
				LastSwiftUpdateCheck = 1340;
				LastUpgradeCheck = 1340;
				TargetAttributes = {
					C2E7E85F29056B5B002DCC84 = {
						CreatedOnToolsVersion = 13.4.1;
					};
				};
			};
			buildConfigurationList = C2E7E85B29056B5B002DCC84 /* Build configuration list for PBXProject "TinderLikeApp" */;
			compatibilityVersion = "Xcode 13.0";
			developmentRegion = en;
			hasScannedForEncodings = 0;
			knownRegions = (
				en,
				Base,
			);
			mainGroup = C2E7E85729056B5B002DCC84;
			productRefGroup = C2E7E86129056B5B002DCC84 /* Products */;
			projectDirPath = "";
			projectRoot = "";
			targets = (
				C2E7E85F29056B5B002DCC84 /* TinderLikeApp */,
			);
		};
/* End PBXProject section */

/* Begin PBXResourcesBuildPhase section */
		C2E7E85E29056B5B002DCC84 /* Resources */ = {
			isa = PBXResourcesBuildPhase;
			buildActionMask = 2147483647;
			files = (
				C2E7E87829056B9D002DCC84 /* Header.xib in Resources */,
				C2E7E87029056B5C002DCC84 /* LaunchScreen.storyboard in Resources */,
				C2E7E86D29056B5C002DCC84 /* Assets.xcassets in Resources */,
				C2E7E86B29056B5B002DCC84 /* Main.storyboard in Resources */,
			);
			runOnlyForDeploymentPostprocessing = 0;
		};
/* End PBXResourcesBuildPhase section */

/* Begin PBXSourcesBuildPhase section */
		C2E7E85C29056B5B002DCC84 /* Sources */ = {
			isa = PBXSourcesBuildPhase;
			buildActionMask = 2147483647;
			files = (
				C2E7E86829056B5B002DCC84 /* ViewController.swift in Sources */,
				C258BF112906996B00D03D7E /* LucyImageView.swift in Sources */,
				C2E7E86429056B5B002DCC84 /* AppDelegate.swift in Sources */,
				C2E7E86629056B5B002DCC84 /* SceneDelegate.swift in Sources */,
				C2E7E87A29056E7C002DCC84 /* ProfileController.swift in Sources */,
			);
			runOnlyForDeploymentPostprocessing = 0;
		};
/* End PBXSourcesBuildPhase section */

/* Begin PBXVariantGroup section */
		C2E7E86929056B5B002DCC84 /* Main.storyboard */ = {
			isa = PBXVariantGroup;
			children = (
				C2E7E86A29056B5B002DCC84 /* Base */,
			);
			name = Main.storyboard;
			sourceTree = "<group>";
		};
		C2E7E86E29056B5C002DCC84 /* LaunchScreen.storyboard */ = {
			isa = PBXVariantGroup;
			children = (
				C2E7E86F29056B5C002DCC84 /* Base */,
			);
			name = LaunchScreen.storyboard;
			sourceTree = "<group>";
		};
/* End PBXVariantGroup section */

/* Begin XCBuildConfiguration section */
		C2E7E87229056B5C002DCC84 /* Debug */ = {
			isa = XCBuildConfiguration;
			buildSettings = {
				ALWAYS_SEARCH_USER_PATHS = NO;
				CLANG_ANALYZER_NONNULL = YES;
				CLANG_ANALYZER_NUMBER_OBJECT_CONVERSION = YES_AGGRESSIVE;
				CLANG_CXX_LANGUAGE_STANDARD = "gnu++17";
				CLANG_ENABLE_MODULES = YES;
				CLANG_ENABLE_OBJC_ARC = YES;
				CLANG_ENABLE_OBJC_WEAK = YES;
				CLANG_WARN_BLOCK_CAPTURE_AUTORELEASING = YES;
				CLANG_WARN_BOOL_CONVERSION = YES;
				CLANG_WARN_COMMA = YES;
				CLANG_WARN_CONSTANT_CONVERSION = YES;
				CLANG_WARN_DEPRECATED_OBJC_IMPLEMENTATIONS = YES;
				CLANG_WARN_DIRECT_OBJC_ISA_USAGE = YES_ERROR;
				CLANG_WARN_DOCUMENTATION_COMMENTS = YES;
				CLANG_WARN_EMPTY_BODY = YES;
				CLANG_WARN_ENUM_CONVERSION = YES;
				CLANG_WARN_INFINITE_RECURSION = YES;
				CLANG_WARN_INT_CONVERSION = YES;
				CLANG_WARN_NON_LITERAL_NULL_CONVERSION = YES;
				CLANG_WARN_OBJC_IMPLICIT_RETAIN_SELF = YES;
				CLANG_WARN_OBJC_LITERAL_CONVERSION = YES;
				CLANG_WARN_OBJC_ROOT_CLASS = YES_ERROR;
				CLANG_WARN_QUOTED_INCLUDE_IN_FRAMEWORK_HEADER = YES;
				CLANG_WARN_RANGE_LOOP_ANALYSIS = YES;
				CLANG_WARN_STRICT_PROTOTYPES = YES;
				CLANG_WARN_SUSPICIOUS_MOVE = YES;
				CLANG_WARN_UNGUARDED_AVAILABILITY = YES_AGGRESSIVE;
				CLANG_WARN_UNREACHABLE_CODE = YES;
				CLANG_WARN__DUPLICATE_METHOD_MATCH = YES;
				COPY_PHASE_STRIP = NO;
				DEBUG_INFORMATION_FORMAT = dwarf;
				ENABLE_STRICT_OBJC_MSGSEND = YES;
				ENABLE_TESTABILITY = YES;
				GCC_C_LANGUAGE_STANDARD = gnu11;
				GCC_DYNAMIC_NO_PIC = NO;
				GCC_NO_COMMON_BLOCKS = YES;
				GCC_OPTIMIZATION_LEVEL = 0;
				GCC_PREPROCESSOR_DEFINITIONS = (
					"DEBUG=1",
					"$(inherited)",
				);
				GCC_WARN_64_TO_32_BIT_CONVERSION = YES;
				GCC_WARN_ABOUT_RETURN_TYPE = YES_ERROR;
				GCC_WARN_UNDECLARED_SELECTOR = YES;
				GCC_WARN_UNINITIALIZED_AUTOS = YES_AGGRESSIVE;
				GCC_WARN_UNUSED_FUNCTION = YES;
				GCC_WARN_UNUSED_VARIABLE = YES;
				IPHONEOS_DEPLOYMENT_TARGET = 15.5;
				MTL_ENABLE_DEBUG_INFO = INCLUDE_SOURCE;
				MTL_FAST_MATH = YES;
				ONLY_ACTIVE_ARCH = YES;
				SDKROOT = iphoneos;
				SWIFT_ACTIVE_COMPILATION_CONDITIONS = DEBUG;
				SWIFT_OPTIMIZATION_LEVEL = "-Onone";
			};
			name = Debug;
		};
		C2E7E87329056B5C002DCC84 /* Release */ = {
			isa = XCBuildConfiguration;
			buildSettings = {
				ALWAYS_SEARCH_USER_PATHS = NO;
				CLANG_ANALYZER_NONNULL = YES;
				CLANG_ANALYZER_NUMBER_OBJECT_CONVERSION = YES_AGGRESSIVE;
				CLANG_CXX_LANGUAGE_STANDARD = "gnu++17";
				CLANG_ENABLE_MODULES = YES;
				CLANG_ENABLE_OBJC_ARC = YES;
				CLANG_ENABLE_OBJC_WEAK = YES;
				CLANG_WARN_BLOCK_CAPTURE_AUTORELEASING = YES;
				CLANG_WARN_BOOL_CONVERSION = YES;
				CLANG_WARN_COMMA = YES;
				CLANG_WARN_CONSTANT_CONVERSION = YES;
				CLANG_WARN_DEPRECATED_OBJC_IMPLEMENTATIONS = YES;
				CLANG_WARN_DIRECT_OBJC_ISA_USAGE = YES_ERROR;
				CLANG_WARN_DOCUMENTATION_COMMENTS = YES;
				CLANG_WARN_EMPTY_BODY = YES;
				CLANG_WARN_ENUM_CONVERSION = YES;
				CLANG_WARN_INFINITE_RECURSION = YES;
				CLANG_WARN_INT_CONVERSION = YES;
				CLANG_WARN_NON_LITERAL_NULL_CONVERSION = YES;
				CLANG_WARN_OBJC_IMPLICIT_RETAIN_SELF = YES;
				CLANG_WARN_OBJC_LITERAL_CONVERSION = YES;
				CLANG_WARN_OBJC_ROOT_CLASS = YES_ERROR;
				CLANG_WARN_QUOTED_INCLUDE_IN_FRAMEWORK_HEADER = YES;
				CLANG_WARN_RANGE_LOOP_ANALYSIS = YES;
				CLANG_WARN_STRICT_PROTOTYPES = YES;
				CLANG_WARN_SUSPICIOUS_MOVE = YES;
				CLANG_WARN_UNGUARDED_AVAILABILITY = YES_AGGRESSIVE;
				CLANG_WARN_UNREACHABLE_CODE = YES;
				CLANG_WARN__DUPLICATE_METHOD_MATCH = YES;
				COPY_PHASE_STRIP = NO;
				DEBUG_INFORMATION_FORMAT = "dwarf-with-dsym";
				ENABLE_NS_ASSERTIONS = NO;
				ENABLE_STRICT_OBJC_MSGSEND = YES;
				GCC_C_LANGUAGE_STANDARD = gnu11;
				GCC_NO_COMMON_BLOCKS = YES;
				GCC_WARN_64_TO_32_BIT_CONVERSION = YES;
				GCC_WARN_ABOUT_RETURN_TYPE = YES_ERROR;
				GCC_WARN_UNDECLARED_SELECTOR = YES;
				GCC_WARN_UNINITIALIZED_AUTOS = YES_AGGRESSIVE;
				GCC_WARN_UNUSED_FUNCTION = YES;
				GCC_WARN_UNUSED_VARIABLE = YES;
				IPHONEOS_DEPLOYMENT_TARGET = 15.5;
				MTL_ENABLE_DEBUG_INFO = NO;
				MTL_FAST_MATH = YES;
				SDKROOT = iphoneos;
				SWIFT_COMPILATION_MODE = wholemodule;
				SWIFT_OPTIMIZATION_LEVEL = "-O";
				VALIDATE_PRODUCT = YES;
			};
			name = Release;
		};
		C2E7E87529056B5C002DCC84 /* Debug */ = {
			isa = XCBuildConfiguration;
			buildSettings = {
				ASSETCATALOG_COMPILER_APPICON_NAME = AppIcon;
				ASSETCATALOG_COMPILER_GLOBAL_ACCENT_COLOR_NAME = AccentColor;
				CODE_SIGN_STYLE = Automatic;
				CURRENT_PROJECT_VERSION = 1;
				DEVELOPMENT_TEAM = 4JPR2TDZ73;
				GENERATE_INFOPLIST_FILE = YES;
				INFOPLIST_FILE = TinderLikeApp/Info.plist;
				INFOPLIST_KEY_UIApplicationSupportsIndirectInputEvents = YES;
				INFOPLIST_KEY_UILaunchStoryboardName = LaunchScreen;
				INFOPLIST_KEY_UIMainStoryboardFile = Main;
				INFOPLIST_KEY_UISupportedInterfaceOrientations_iPad = "UIInterfaceOrientationPortrait UIInterfaceOrientationPortraitUpsideDown UIInterfaceOrientationLandscapeLeft UIInterfaceOrientationLandscapeRight";
				INFOPLIST_KEY_UISupportedInterfaceOrientations_iPhone = "UIInterfaceOrientationPortrait UIInterfaceOrientationLandscapeLeft UIInterfaceOrientationLandscapeRight";
				LD_RUNPATH_SEARCH_PATHS = (
					"$(inherited)",
					"@executable_path/Frameworks",
				);
				MARKETING_VERSION = 1.0;
				PRODUCT_BUNDLE_IDENTIFIER = com.overpowerpwnd.TinderLikeApp;
				PRODUCT_NAME = "$(TARGET_NAME)";
				SWIFT_EMIT_LOC_STRINGS = YES;
				SWIFT_VERSION = 5.0;
				TARGETED_DEVICE_FAMILY = "1,2";
			};
			name = Debug;
		};
		C2E7E87629056B5C002DCC84 /* Release */ = {
			isa = XCBuildConfiguration;
			buildSettings = {
				ASSETCATALOG_COMPILER_APPICON_NAME = AppIcon;
				ASSETCATALOG_COMPILER_GLOBAL_ACCENT_COLOR_NAME = AccentColor;
				CODE_SIGN_STYLE = Automatic;
				CURRENT_PROJECT_VERSION = 1;
				DEVELOPMENT_TEAM = 4JPR2TDZ73;
				GENERATE_INFOPLIST_FILE = YES;
				INFOPLIST_FILE = TinderLikeApp/Info.plist;
				INFOPLIST_KEY_UIApplicationSupportsIndirectInputEvents = YES;
				INFOPLIST_KEY_UILaunchStoryboardName = LaunchScreen;
				INFOPLIST_KEY_UIMainStoryboardFile = Main;
				INFOPLIST_KEY_UISupportedInterfaceOrientations_iPad = "UIInterfaceOrientationPortrait UIInterfaceOrientationPortraitUpsideDown UIInterfaceOrientationLandscapeLeft UIInterfaceOrientationLandscapeRight";
				INFOPLIST_KEY_UISupportedInterfaceOrientations_iPhone = "UIInterfaceOrientationPortrait UIInterfaceOrientationLandscapeLeft UIInterfaceOrientationLandscapeRight";
				LD_RUNPATH_SEARCH_PATHS = (
					"$(inherited)",
					"@executable_path/Frameworks",
				);
				MARKETING_VERSION = 1.0;
				PRODUCT_BUNDLE_IDENTIFIER = com.overpowerpwnd.TinderLikeApp;
				PRODUCT_NAME = "$(TARGET_NAME)";
				SWIFT_EMIT_LOC_STRINGS = YES;
				SWIFT_VERSION = 5.0;
				TARGETED_DEVICE_FAMILY = "1,2";
			};
			name = Release;
		};
/* End XCBuildConfiguration section */

/* Begin XCConfigurationList section */
		C2E7E85B29056B5B002DCC84 /* Build configuration list for PBXProject "TinderLikeApp" */ = {
			isa = XCConfigurationList;
			buildConfigurations = (
				C2E7E87229056B5C002DCC84 /* Debug */,
				C2E7E87329056B5C002DCC84 /* Release */,
			);
			defaultConfigurationIsVisible = 0;
			defaultConfigurationName = Release;
		};
		C2E7E87429056B5C002DCC84 /* Build configuration list for PBXNativeTarget "TinderLikeApp" */ = {
			isa = XCConfigurationList;
			buildConfigurations = (
				C2E7E87529056B5C002DCC84 /* Debug */,
				C2E7E87629056B5C002DCC84 /* Release */,
			);
			defaultConfigurationIsVisible = 0;
			defaultConfigurationName = Release;
		};
/* End XCConfigurationList section */
	};
	rootObject = C2E7E85829056B5B002DCC84 /* Project object */;
}
